// !$*UTF8*$!
{
	archiveVersion = 1;
	classes = {
	};
	objectVersion = 52;
	objects = {

/* Begin PBXBuildFile section */
		89B9FB392580C2F10015D696 /* AppDelegate.swift in Sources */ = {isa = PBXBuildFile; fileRef = 89B9FB382580C2F10015D696 /* AppDelegate.swift */; };
		89B9FB3D2580C2F10015D696 /* ViewController.swift in Sources */ = {isa = PBXBuildFile; fileRef = 89B9FB3C2580C2F10015D696 /* ViewController.swift */; };
		89B9FB422580C2F70015D696 /* Assets.xcassets in Resources */ = {isa = PBXBuildFile; fileRef = 89B9FB412580C2F70015D696 /* Assets.xcassets */; };
		89B9FB452580C2F70015D696 /* LaunchScreen.storyboard in Resources */ = {isa = PBXBuildFile; fileRef = 89B9FB432580C2F70015D696 /* LaunchScreen.storyboard */; };
		89B9FB502580C2F70015D696 /* WebViewAppTests.swift in Sources */ = {isa = PBXBuildFile; fileRef = 89B9FB4F2580C2F70015D696 /* WebViewAppTests.swift */; };
		89B9FB5B2580C2F80015D696 /* WebViewAppUITests.swift in Sources */ = {isa = PBXBuildFile; fileRef = 89B9FB5A2580C2F80015D696 /* WebViewAppUITests.swift */; };
		89B9FB7B2580CB380015D696 /* SnapKit in Frameworks */ = {isa = PBXBuildFile; productRef = 89B9FB7A2580CB380015D696 /* SnapKit */; };
		89B9FB802580D3030015D696 /* LaunchScreenView.swift in Sources */ = {isa = PBXBuildFile; fileRef = 89B9FB7F2580D3030015D696 /* LaunchScreenView.swift */; };
		89B9FB8B2580E33E0015D696 /* NotificationService.swift in Sources */ = {isa = PBXBuildFile; fileRef = 89B9FB8A2580E33E0015D696 /* NotificationService.swift */; };
		89B9FB8F2580E33E0015D696 /* OneSignalNotificationServiceExtension.appex in Embed App Extensions */ = {isa = PBXBuildFile; fileRef = 89B9FB882580E33E0015D696 /* OneSignalNotificationServiceExtension.appex */; settings = {ATTRIBUTES = (RemoveHeadersOnCopy, ); }; };
		89B9FB9A2580E4C30015D696 /* OneSignal in Frameworks */ = {isa = PBXBuildFile; productRef = 89B9FB992580E4C30015D696 /* OneSignal */; };
		89B9FBA12580E6230015D696 /* OneSignal in Frameworks */ = {isa = PBXBuildFile; productRef = 89B9FBA02580E6230015D696 /* OneSignal */; };
/* End PBXBuildFile section */

/* Begin PBXContainerItemProxy section */
		89B9FB4C2580C2F70015D696 /* PBXContainerItemProxy */ = {
			isa = PBXContainerItemProxy;
			containerPortal = 89B9FB2D2580C2F10015D696 /* Project object */;
			proxyType = 1;
			remoteGlobalIDString = 89B9FB342580C2F10015D696;
			remoteInfo = WebViewApp;
		};
		89B9FB572580C2F80015D696 /* PBXContainerItemProxy */ = {
			isa = PBXContainerItemProxy;
			containerPortal = 89B9FB2D2580C2F10015D696 /* Project object */;
			proxyType = 1;
			remoteGlobalIDString = 89B9FB342580C2F10015D696;
			remoteInfo = WebViewApp;
		};
		89B9FB8D2580E33E0015D696 /* PBXContainerItemProxy */ = {
			isa = PBXContainerItemProxy;
			containerPortal = 89B9FB2D2580C2F10015D696 /* Project object */;
			proxyType = 1;
			remoteGlobalIDString = 89B9FB872580E33E0015D696;
			remoteInfo = OneSignalNotificationServiceExtension;
		};
/* End PBXContainerItemProxy section */

/* Begin PBXCopyFilesBuildPhase section */
		89B9FB932580E33E0015D696 /* Embed App Extensions */ = {
			isa = PBXCopyFilesBuildPhase;
			buildActionMask = 2147483647;
			dstPath = "";
			dstSubfolderSpec = 13;
			files = (
				89B9FB8F2580E33E0015D696 /* OneSignalNotificationServiceExtension.appex in Embed App Extensions */,
			);
			name = "Embed App Extensions";
			runOnlyForDeploymentPostprocessing = 0;
		};
/* End PBXCopyFilesBuildPhase section */

/* Begin PBXFileReference section */
		89B9FB352580C2F10015D696 /* WebViewApp.app */ = {isa = PBXFileReference; explicitFileType = wrapper.application; includeInIndex = 0; path = WebViewApp.app; sourceTree = BUILT_PRODUCTS_DIR; };
		89B9FB382580C2F10015D696 /* AppDelegate.swift */ = {isa = PBXFileReference; lastKnownFileType = sourcecode.swift; path = AppDelegate.swift; sourceTree = "<group>"; };
		89B9FB3C2580C2F10015D696 /* ViewController.swift */ = {isa = PBXFileReference; lastKnownFileType = sourcecode.swift; path = ViewController.swift; sourceTree = "<group>"; };
		89B9FB412580C2F70015D696 /* Assets.xcassets */ = {isa = PBXFileReference; lastKnownFileType = folder.assetcatalog; path = Assets.xcassets; sourceTree = "<group>"; };
		89B9FB442580C2F70015D696 /* Base */ = {isa = PBXFileReference; lastKnownFileType = file.storyboard; name = Base; path = Base.lproj/LaunchScreen.storyboard; sourceTree = "<group>"; };
		89B9FB462580C2F70015D696 /* Info.plist */ = {isa = PBXFileReference; lastKnownFileType = text.plist.xml; path = Info.plist; sourceTree = "<group>"; };
		89B9FB4B2580C2F70015D696 /* WebViewAppTests.xctest */ = {isa = PBXFileReference; explicitFileType = wrapper.cfbundle; includeInIndex = 0; path = WebViewAppTests.xctest; sourceTree = BUILT_PRODUCTS_DIR; };
		89B9FB4F2580C2F70015D696 /* WebViewAppTests.swift */ = {isa = PBXFileReference; lastKnownFileType = sourcecode.swift; path = WebViewAppTests.swift; sourceTree = "<group>"; };
		89B9FB512580C2F70015D696 /* Info.plist */ = {isa = PBXFileReference; lastKnownFileType = text.plist.xml; path = Info.plist; sourceTree = "<group>"; };
		89B9FB562580C2F80015D696 /* WebViewAppUITests.xctest */ = {isa = PBXFileReference; explicitFileType = wrapper.cfbundle; includeInIndex = 0; path = WebViewAppUITests.xctest; sourceTree = BUILT_PRODUCTS_DIR; };
		89B9FB5A2580C2F80015D696 /* WebViewAppUITests.swift */ = {isa = PBXFileReference; lastKnownFileType = sourcecode.swift; path = WebViewAppUITests.swift; sourceTree = "<group>"; };
		89B9FB5C2580C2F80015D696 /* Info.plist */ = {isa = PBXFileReference; lastKnownFileType = text.plist.xml; path = Info.plist; sourceTree = "<group>"; };
		89B9FB7F2580D3030015D696 /* LaunchScreenView.swift */ = {isa = PBXFileReference; lastKnownFileType = sourcecode.swift; path = LaunchScreenView.swift; sourceTree = "<group>"; };
		89B9FB882580E33E0015D696 /* OneSignalNotificationServiceExtension.appex */ = {isa = PBXFileReference; explicitFileType = "wrapper.app-extension"; includeInIndex = 0; path = OneSignalNotificationServiceExtension.appex; sourceTree = BUILT_PRODUCTS_DIR; };
		89B9FB8A2580E33E0015D696 /* NotificationService.swift */ = {isa = PBXFileReference; lastKnownFileType = sourcecode.swift; path = NotificationService.swift; sourceTree = "<group>"; };
		89B9FB8C2580E33E0015D696 /* Info.plist */ = {isa = PBXFileReference; lastKnownFileType = text.plist.xml; path = Info.plist; sourceTree = "<group>"; };
/* End PBXFileReference section */

/* Begin PBXFrameworksBuildPhase section */
		89B9FB322580C2F10015D696 /* Frameworks */ = {
			isa = PBXFrameworksBuildPhase;
			buildActionMask = 2147483647;
			files = (
				89B9FB7B2580CB380015D696 /* SnapKit in Frameworks */,
				89B9FB9A2580E4C30015D696 /* OneSignal in Frameworks */,
			);
			runOnlyForDeploymentPostprocessing = 0;
		};
		89B9FB482580C2F70015D696 /* Frameworks */ = {
			isa = PBXFrameworksBuildPhase;
			buildActionMask = 2147483647;
			files = (
			);
			runOnlyForDeploymentPostprocessing = 0;
		};
		89B9FB532580C2F80015D696 /* Frameworks */ = {
			isa = PBXFrameworksBuildPhase;
			buildActionMask = 2147483647;
			files = (
			);
			runOnlyForDeploymentPostprocessing = 0;
		};
		89B9FB852580E33E0015D696 /* Frameworks */ = {
			isa = PBXFrameworksBuildPhase;
			buildActionMask = 2147483647;
			files = (
				89B9FBA12580E6230015D696 /* OneSignal in Frameworks */,
			);
			runOnlyForDeploymentPostprocessing = 0;
		};
/* End PBXFrameworksBuildPhase section */

/* Begin PBXGroup section */
		89B9FB2C2580C2F10015D696 = {
			isa = PBXGroup;
			children = (
				89B9FB372580C2F10015D696 /* WebViewApp */,
				89B9FB4E2580C2F70015D696 /* WebViewAppTests */,
				89B9FB592580C2F80015D696 /* WebViewAppUITests */,
				89B9FB892580E33E0015D696 /* OneSignalNotificationServiceExtension */,
				89B9FB362580C2F10015D696 /* Products */,
				89B9FB9F2580E6230015D696 /* Frameworks */,
			);
			sourceTree = "<group>";
		};
		89B9FB362580C2F10015D696 /* Products */ = {
			isa = PBXGroup;
			children = (
				89B9FB352580C2F10015D696 /* WebViewApp.app */,
				89B9FB4B2580C2F70015D696 /* WebViewAppTests.xctest */,
				89B9FB562580C2F80015D696 /* WebViewAppUITests.xctest */,
				89B9FB882580E33E0015D696 /* OneSignalNotificationServiceExtension.appex */,
			);
			name = Products;
			sourceTree = "<group>";
		};
		89B9FB372580C2F10015D696 /* WebViewApp */ = {
			isa = PBXGroup;
			children = (
				89B9FB382580C2F10015D696 /* AppDelegate.swift */,
				89B9FB3C2580C2F10015D696 /* ViewController.swift */,
				89B9FB7F2580D3030015D696 /* LaunchScreenView.swift */,
				89B9FB412580C2F70015D696 /* Assets.xcassets */,
				89B9FB432580C2F70015D696 /* LaunchScreen.storyboard */,
				89B9FB462580C2F70015D696 /* Info.plist */,
			);
			path = WebViewApp;
			sourceTree = "<group>";
		};
		89B9FB4E2580C2F70015D696 /* WebViewAppTests */ = {
			isa = PBXGroup;
			children = (
				89B9FB4F2580C2F70015D696 /* WebViewAppTests.swift */,
				89B9FB512580C2F70015D696 /* Info.plist */,
			);
			path = WebViewAppTests;
			sourceTree = "<group>";
		};
		89B9FB592580C2F80015D696 /* WebViewAppUITests */ = {
			isa = PBXGroup;
			children = (
				89B9FB5A2580C2F80015D696 /* WebViewAppUITests.swift */,
				89B9FB5C2580C2F80015D696 /* Info.plist */,
			);
			path = WebViewAppUITests;
			sourceTree = "<group>";
		};
		89B9FB892580E33E0015D696 /* OneSignalNotificationServiceExtension */ = {
			isa = PBXGroup;
			children = (
				89B9FB8A2580E33E0015D696 /* NotificationService.swift */,
				89B9FB8C2580E33E0015D696 /* Info.plist */,
			);
			path = OneSignalNotificationServiceExtension;
			sourceTree = "<group>";
		};
		89B9FB9F2580E6230015D696 /* Frameworks */ = {
			isa = PBXGroup;
			children = (
			);
			name = Frameworks;
			sourceTree = "<group>";
		};
/* End PBXGroup section */

/* Begin PBXNativeTarget section */
		89B9FB342580C2F10015D696 /* WebViewApp */ = {
			isa = PBXNativeTarget;
			buildConfigurationList = 89B9FB5F2580C2F80015D696 /* Build configuration list for PBXNativeTarget "WebViewApp" */;
			buildPhases = (
				89B9FB312580C2F10015D696 /* Sources */,
				89B9FB322580C2F10015D696 /* Frameworks */,
				89B9FB332580C2F10015D696 /* Resources */,
				89B9FB932580E33E0015D696 /* Embed App Extensions */,
			);
			buildRules = (
			);
			dependencies = (
				89B9FB8E2580E33E0015D696 /* PBXTargetDependency */,
			);
			name = WebViewApp;
			packageProductDependencies = (
				89B9FB7A2580CB380015D696 /* SnapKit */,
				89B9FB992580E4C30015D696 /* OneSignal */,
			);
			productName = WebViewApp;
			productReference = 89B9FB352580C2F10015D696 /* WebViewApp.app */;
			productType = "com.apple.product-type.application";
		};
		89B9FB4A2580C2F70015D696 /* WebViewAppTests */ = {
			isa = PBXNativeTarget;
			buildConfigurationList = 89B9FB622580C2F80015D696 /* Build configuration list for PBXNativeTarget "WebViewAppTests" */;
			buildPhases = (
				89B9FB472580C2F70015D696 /* Sources */,
				89B9FB482580C2F70015D696 /* Frameworks */,
				89B9FB492580C2F70015D696 /* Resources */,
			);
			buildRules = (
			);
			dependencies = (
				89B9FB4D2580C2F70015D696 /* PBXTargetDependency */,
			);
			name = WebViewAppTests;
			productName = WebViewAppTests;
			productReference = 89B9FB4B2580C2F70015D696 /* WebViewAppTests.xctest */;
			productType = "com.apple.product-type.bundle.unit-test";
		};
		89B9FB552580C2F80015D696 /* WebViewAppUITests */ = {
			isa = PBXNativeTarget;
			buildConfigurationList = 89B9FB652580C2F80015D696 /* Build configuration list for PBXNativeTarget "WebViewAppUITests" */;
			buildPhases = (
				89B9FB522580C2F80015D696 /* Sources */,
				89B9FB532580C2F80015D696 /* Frameworks */,
				89B9FB542580C2F80015D696 /* Resources */,
			);
			buildRules = (
			);
			dependencies = (
				89B9FB582580C2F80015D696 /* PBXTargetDependency */,
			);
			name = WebViewAppUITests;
			productName = WebViewAppUITests;
			productReference = 89B9FB562580C2F80015D696 /* WebViewAppUITests.xctest */;
			productType = "com.apple.product-type.bundle.ui-testing";
		};
		89B9FB872580E33E0015D696 /* OneSignalNotificationServiceExtension */ = {
			isa = PBXNativeTarget;
			buildConfigurationList = 89B9FB902580E33E0015D696 /* Build configuration list for PBXNativeTarget "OneSignalNotificationServiceExtension" */;
			buildPhases = (
				89B9FB842580E33E0015D696 /* Sources */,
				89B9FB852580E33E0015D696 /* Frameworks */,
				89B9FB862580E33E0015D696 /* Resources */,
			);
			buildRules = (
			);
			dependencies = (
			);
			name = OneSignalNotificationServiceExtension;
			packageProductDependencies = (
				89B9FBA02580E6230015D696 /* OneSignal */,
			);
			productName = OneSignalNotificationServiceExtension;
			productReference = 89B9FB882580E33E0015D696 /* OneSignalNotificationServiceExtension.appex */;
			productType = "com.apple.product-type.app-extension";
		};
/* End PBXNativeTarget section */

/* Begin PBXProject section */
		89B9FB2D2580C2F10015D696 /* Project object */ = {
			isa = PBXProject;
			attributes = {
				LastSwiftUpdateCheck = 1220;
				LastUpgradeCheck = 1220;
				TargetAttributes = {
					89B9FB342580C2F10015D696 = {
						CreatedOnToolsVersion = 12.2;
					};
					89B9FB4A2580C2F70015D696 = {
						CreatedOnToolsVersion = 12.2;
						TestTargetID = 89B9FB342580C2F10015D696;
					};
					89B9FB552580C2F80015D696 = {
						CreatedOnToolsVersion = 12.2;
						TestTargetID = 89B9FB342580C2F10015D696;
					};
					89B9FB872580E33E0015D696 = {
						CreatedOnToolsVersion = 12.2;
					};
				};
			};
			buildConfigurationList = 89B9FB302580C2F10015D696 /* Build configuration list for PBXProject "WebViewApp" */;
			compatibilityVersion = "Xcode 9.3";
			developmentRegion = en;
			hasScannedForEncodings = 0;
			knownRegions = (
				en,
				Base,
			);
			mainGroup = 89B9FB2C2580C2F10015D696;
			packageReferences = (
				89B9FB792580CB370015D696 /* XCRemoteSwiftPackageReference "SnapKit" */,
				89B9FB982580E4C30015D696 /* XCRemoteSwiftPackageReference "OneSignal-iOS-SDK" */,
			);
			productRefGroup = 89B9FB362580C2F10015D696 /* Products */;
			projectDirPath = "";
			projectRoot = "";
			targets = (
				89B9FB342580C2F10015D696 /* WebViewApp */,
				89B9FB4A2580C2F70015D696 /* WebViewAppTests */,
				89B9FB552580C2F80015D696 /* WebViewAppUITests */,
				89B9FB872580E33E0015D696 /* OneSignalNotificationServiceExtension */,
			);
		};
/* End PBXProject section */

/* Begin PBXResourcesBuildPhase section */
		89B9FB332580C2F10015D696 /* Resources */ = {
			isa = PBXResourcesBuildPhase;
			buildActionMask = 2147483647;
			files = (
				89B9FB452580C2F70015D696 /* LaunchScreen.storyboard in Resources */,
				89B9FB422580C2F70015D696 /* Assets.xcassets in Resources */,
			);
			runOnlyForDeploymentPostprocessing = 0;
		};
		89B9FB492580C2F70015D696 /* Resources */ = {
			isa = PBXResourcesBuildPhase;
			buildActionMask = 2147483647;
			files = (
			);
			runOnlyForDeploymentPostprocessing = 0;
		};
		89B9FB542580C2F80015D696 /* Resources */ = {
			isa = PBXResourcesBuildPhase;
			buildActionMask = 2147483647;
			files = (
			);
			runOnlyForDeploymentPostprocessing = 0;
		};
		89B9FB862580E33E0015D696 /* Resources */ = {
			isa = PBXResourcesBuildPhase;
			buildActionMask = 2147483647;
			files = (
			);
			runOnlyForDeploymentPostprocessing = 0;
		};
/* End PBXResourcesBuildPhase section */

/* Begin PBXSourcesBuildPhase section */
		89B9FB312580C2F10015D696 /* Sources */ = {
			isa = PBXSourcesBuildPhase;
			buildActionMask = 2147483647;
			files = (
				89B9FB3D2580C2F10015D696 /* ViewController.swift in Sources */,
				89B9FB392580C2F10015D696 /* AppDelegate.swift in Sources */,
				89B9FB802580D3030015D696 /* LaunchScreenView.swift in Sources */,
			);
			runOnlyForDeploymentPostprocessing = 0;
		};
		89B9FB472580C2F70015D696 /* Sources */ = {
			isa = PBXSourcesBuildPhase;
			buildActionMask = 2147483647;
			files = (
				89B9FB502580C2F70015D696 /* WebViewAppTests.swift in Sources */,
			);
			runOnlyForDeploymentPostprocessing = 0;
		};
		89B9FB522580C2F80015D696 /* Sources */ = {
			isa = PBXSourcesBuildPhase;
			buildActionMask = 2147483647;
			files = (
				89B9FB5B2580C2F80015D696 /* WebViewAppUITests.swift in Sources */,
			);
			runOnlyForDeploymentPostprocessing = 0;
		};
		89B9FB842580E33E0015D696 /* Sources */ = {
			isa = PBXSourcesBuildPhase;
			buildActionMask = 2147483647;
			files = (
				89B9FB8B2580E33E0015D696 /* NotificationService.swift in Sources */,
			);
			runOnlyForDeploymentPostprocessing = 0;
		};
/* End PBXSourcesBuildPhase section */

/* Begin PBXTargetDependency section */
		89B9FB4D2580C2F70015D696 /* PBXTargetDependency */ = {
			isa = PBXTargetDependency;
			target = 89B9FB342580C2F10015D696 /* WebViewApp */;
			targetProxy = 89B9FB4C2580C2F70015D696 /* PBXContainerItemProxy */;
		};
		89B9FB582580C2F80015D696 /* PBXTargetDependency */ = {
			isa = PBXTargetDependency;
			target = 89B9FB342580C2F10015D696 /* WebViewApp */;
			targetProxy = 89B9FB572580C2F80015D696 /* PBXContainerItemProxy */;
		};
		89B9FB8E2580E33E0015D696 /* PBXTargetDependency */ = {
			isa = PBXTargetDependency;
			target = 89B9FB872580E33E0015D696 /* OneSignalNotificationServiceExtension */;
			targetProxy = 89B9FB8D2580E33E0015D696 /* PBXContainerItemProxy */;
		};
/* End PBXTargetDependency section */

/* Begin PBXVariantGroup section */
		89B9FB432580C2F70015D696 /* LaunchScreen.storyboard */ = {
			isa = PBXVariantGroup;
			children = (
				89B9FB442580C2F70015D696 /* Base */,
			);
			name = LaunchScreen.storyboard;
			sourceTree = "<group>";
		};
/* End PBXVariantGroup section */

/* Begin XCBuildConfiguration section */
		89B9FB5D2580C2F80015D696 /* Debug */ = {
			isa = XCBuildConfiguration;
			buildSettings = {
				ALWAYS_SEARCH_USER_PATHS = NO;
				CLANG_ANALYZER_NONNULL = YES;
				CLANG_ANALYZER_NUMBER_OBJECT_CONVERSION = YES_AGGRESSIVE;
				CLANG_CXX_LANGUAGE_STANDARD = "gnu++14";
				CLANG_CXX_LIBRARY = "libc++";
				CLANG_ENABLE_MODULES = YES;
				CLANG_ENABLE_OBJC_ARC = YES;
				CLANG_ENABLE_OBJC_WEAK = YES;
				CLANG_WARN_BLOCK_CAPTURE_AUTORELEASING = YES;
				CLANG_WARN_BOOL_CONVERSION = YES;
				CLANG_WARN_COMMA = YES;
				CLANG_WARN_CONSTANT_CONVERSION = YES;
				CLANG_WARN_DEPRECATED_OBJC_IMPLEMENTATIONS = YES;
				CLANG_WARN_DIRECT_OBJC_ISA_USAGE = YES_ERROR;
				CLANG_WARN_DOCUMENTATION_COMMENTS = YES;
				CLANG_WARN_EMPTY_BODY = YES;
				CLANG_WARN_ENUM_CONVERSION = YES;
				CLANG_WARN_INFINITE_RECURSION = YES;
				CLANG_WARN_INT_CONVERSION = YES;
				CLANG_WARN_NON_LITERAL_NULL_CONVERSION = YES;
				CLANG_WARN_OBJC_IMPLICIT_RETAIN_SELF = YES;
				CLANG_WARN_OBJC_LITERAL_CONVERSION = YES;
				CLANG_WARN_OBJC_ROOT_CLASS = YES_ERROR;
				CLANG_WARN_QUOTED_INCLUDE_IN_FRAMEWORK_HEADER = YES;
				CLANG_WARN_RANGE_LOOP_ANALYSIS = YES;
				CLANG_WARN_STRICT_PROTOTYPES = YES;
				CLANG_WARN_SUSPICIOUS_MOVE = YES;
				CLANG_WARN_UNGUARDED_AVAILABILITY = YES_AGGRESSIVE;
				CLANG_WARN_UNREACHABLE_CODE = YES;
				CLANG_WARN__DUPLICATE_METHOD_MATCH = YES;
				COPY_PHASE_STRIP = NO;
				DEBUG_INFORMATION_FORMAT = dwarf;
				ENABLE_STRICT_OBJC_MSGSEND = YES;
				ENABLE_TESTABILITY = YES;
				GCC_C_LANGUAGE_STANDARD = gnu11;
				GCC_DYNAMIC_NO_PIC = NO;
				GCC_NO_COMMON_BLOCKS = YES;
				GCC_OPTIMIZATION_LEVEL = 0;
				GCC_PREPROCESSOR_DEFINITIONS = (
					"DEBUG=1",
					"$(inherited)",
				);
				GCC_WARN_64_TO_32_BIT_CONVERSION = YES;
				GCC_WARN_ABOUT_RETURN_TYPE = YES_ERROR;
				GCC_WARN_UNDECLARED_SELECTOR = YES;
				GCC_WARN_UNINITIALIZED_AUTOS = YES_AGGRESSIVE;
				GCC_WARN_UNUSED_FUNCTION = YES;
				GCC_WARN_UNUSED_VARIABLE = YES;
				IPHONEOS_DEPLOYMENT_TARGET = 14.2;
				MTL_ENABLE_DEBUG_INFO = INCLUDE_SOURCE;
				MTL_FAST_MATH = YES;
				ONLY_ACTIVE_ARCH = YES;
				SDKROOT = iphoneos;
				SWIFT_ACTIVE_COMPILATION_CONDITIONS = DEBUG;
				SWIFT_OPTIMIZATION_LEVEL = "-Onone";
			};
			name = Debug;
		};
		89B9FB5E2580C2F80015D696 /* Release */ = {
			isa = XCBuildConfiguration;
			buildSettings = {
				ALWAYS_SEARCH_USER_PATHS = NO;
				CLANG_ANALYZER_NONNULL = YES;
				CLANG_ANALYZER_NUMBER_OBJECT_CONVERSION = YES_AGGRESSIVE;
				CLANG_CXX_LANGUAGE_STANDARD = "gnu++14";
				CLANG_CXX_LIBRARY = "libc++";
				CLANG_ENABLE_MODULES = YES;
				CLANG_ENABLE_OBJC_ARC = YES;
				CLANG_ENABLE_OBJC_WEAK = YES;
				CLANG_WARN_BLOCK_CAPTURE_AUTORELEASING = YES;
				CLANG_WARN_BOOL_CONVERSION = YES;
				CLANG_WARN_COMMA = YES;
				CLANG_WARN_CONSTANT_CONVERSION = YES;
				CLANG_WARN_DEPRECATED_OBJC_IMPLEMENTATIONS = YES;
				CLANG_WARN_DIRECT_OBJC_ISA_USAGE = YES_ERROR;
				CLANG_WARN_DOCUMENTATION_COMMENTS = YES;
				CLANG_WARN_EMPTY_BODY = YES;
				CLANG_WARN_ENUM_CONVERSION = YES;
				CLANG_WARN_INFINITE_RECURSION = YES;
				CLANG_WARN_INT_CONVERSION = YES;
				CLANG_WARN_NON_LITERAL_NULL_CONVERSION = YES;
				CLANG_WARN_OBJC_IMPLICIT_RETAIN_SELF = YES;
				CLANG_WARN_OBJC_LITERAL_CONVERSION = YES;
				CLANG_WARN_OBJC_ROOT_CLASS = YES_ERROR;
				CLANG_WARN_QUOTED_INCLUDE_IN_FRAMEWORK_HEADER = YES;
				CLANG_WARN_RANGE_LOOP_ANALYSIS = YES;
				CLANG_WARN_STRICT_PROTOTYPES = YES;
				CLANG_WARN_SUSPICIOUS_MOVE = YES;
				CLANG_WARN_UNGUARDED_AVAILABILITY = YES_AGGRESSIVE;
				CLANG_WARN_UNREACHABLE_CODE = YES;
				CLANG_WARN__DUPLICATE_METHOD_MATCH = YES;
				COPY_PHASE_STRIP = NO;
				DEBUG_INFORMATION_FORMAT = "dwarf-with-dsym";
				ENABLE_NS_ASSERTIONS = NO;
				ENABLE_STRICT_OBJC_MSGSEND = YES;
				GCC_C_LANGUAGE_STANDARD = gnu11;
				GCC_NO_COMMON_BLOCKS = YES;
				GCC_WARN_64_TO_32_BIT_CONVERSION = YES;
				GCC_WARN_ABOUT_RETURN_TYPE = YES_ERROR;
				GCC_WARN_UNDECLARED_SELECTOR = YES;
				GCC_WARN_UNINITIALIZED_AUTOS = YES_AGGRESSIVE;
				GCC_WARN_UNUSED_FUNCTION = YES;
				GCC_WARN_UNUSED_VARIABLE = YES;
				IPHONEOS_DEPLOYMENT_TARGET = 14.2;
				MTL_ENABLE_DEBUG_INFO = NO;
				MTL_FAST_MATH = YES;
				SDKROOT = iphoneos;
				SWIFT_COMPILATION_MODE = wholemodule;
				SWIFT_OPTIMIZATION_LEVEL = "-O";
				VALIDATE_PRODUCT = YES;
			};
			name = Release;
		};
		89B9FB602580C2F80015D696 /* Debug */ = {
			isa = XCBuildConfiguration;
			buildSettings = {
				ALWAYS_EMBED_SWIFT_STANDARD_LIBRARIES = YES;
				ASSETCATALOG_COMPILER_APPICON_NAME = AppIcon;
				ASSETCATALOG_COMPILER_GLOBAL_ACCENT_COLOR_NAME = AccentColor;
				CODE_SIGN_STYLE = Automatic;
				DEVELOPMENT_TEAM = 35VQYXQGSS;
				INFOPLIST_FILE = WebViewApp/Info.plist;
				LD_RUNPATH_SEARCH_PATHS = (
					"$(inherited)",
					"@executable_path/Frameworks",
				);
				PRODUCT_BUNDLE_IDENTIFIER = B2.WebViewApp;
				PRODUCT_NAME = "$(TARGET_NAME)";
				SWIFT_VERSION = 5.0;
				TARGETED_DEVICE_FAMILY = "1,2";
			};
			name = Debug;
		};
		89B9FB612580C2F80015D696 /* Release */ = {
			isa = XCBuildConfiguration;
			buildSettings = {
				ALWAYS_EMBED_SWIFT_STANDARD_LIBRARIES = YES;
				ASSETCATALOG_COMPILER_APPICON_NAME = AppIcon;
				ASSETCATALOG_COMPILER_GLOBAL_ACCENT_COLOR_NAME = AccentColor;
				CODE_SIGN_STYLE = Automatic;
				DEVELOPMENT_TEAM = 35VQYXQGSS;
				INFOPLIST_FILE = WebViewApp/Info.plist;
				LD_RUNPATH_SEARCH_PATHS = (
					"$(inherited)",
					"@executable_path/Frameworks",
				);
				PRODUCT_BUNDLE_IDENTIFIER = B2.WebViewApp;
				PRODUCT_NAME = "$(TARGET_NAME)";
				SWIFT_VERSION = 5.0;
				TARGETED_DEVICE_FAMILY = "1,2";
			};
			name = Release;
		};
		89B9FB632580C2F80015D696 /* Debug */ = {
			isa = XCBuildConfiguration;
			buildSettings = {
				ALWAYS_EMBED_SWIFT_STANDARD_LIBRARIES = YES;
				BUNDLE_LOADER = "$(TEST_HOST)";
				CODE_SIGN_STYLE = Automatic;
				DEVELOPMENT_TEAM = 35VQYXQGSS;
				INFOPLIST_FILE = WebViewAppTests/Info.plist;
				IPHONEOS_DEPLOYMENT_TARGET = 14.2;
				LD_RUNPATH_SEARCH_PATHS = (
					"$(inherited)",
					"@executable_path/Frameworks",
					"@loader_path/Frameworks",
				);
				PRODUCT_BUNDLE_IDENTIFIER = B2.WebViewAppTests;
				PRODUCT_NAME = "$(TARGET_NAME)";
				SWIFT_VERSION = 5.0;
				TARGETED_DEVICE_FAMILY = "1,2";
				TEST_HOST = "$(BUILT_PRODUCTS_DIR)/WebViewApp.app/WebViewApp";
			};
			name = Debug;
		};
		89B9FB642580C2F80015D696 /* Release */ = {
			isa = XCBuildConfiguration;
			buildSettings = {
				ALWAYS_EMBED_SWIFT_STANDARD_LIBRARIES = YES;
				BUNDLE_LOADER = "$(TEST_HOST)";
				CODE_SIGN_STYLE = Automatic;
				DEVELOPMENT_TEAM = 35VQYXQGSS;
				INFOPLIST_FILE = WebViewAppTests/Info.plist;
				IPHONEOS_DEPLOYMENT_TARGET = 14.2;
				LD_RUNPATH_SEARCH_PATHS = (
					"$(inherited)",
					"@executable_path/Frameworks",
					"@loader_path/Frameworks",
				);
				PRODUCT_BUNDLE_IDENTIFIER = B2.WebViewAppTests;
				PRODUCT_NAME = "$(TARGET_NAME)";
				SWIFT_VERSION = 5.0;
				TARGETED_DEVICE_FAMILY = "1,2";
				TEST_HOST = "$(BUILT_PRODUCTS_DIR)/WebViewApp.app/WebViewApp";
			};
			name = Release;
		};
		89B9FB662580C2F80015D696 /* Debug */ = {
			isa = XCBuildConfiguration;
			buildSettings = {
				ALWAYS_EMBED_SWIFT_STANDARD_LIBRARIES = YES;
				CODE_SIGN_STYLE = Automatic;
				DEVELOPMENT_TEAM = 35VQYXQGSS;
				INFOPLIST_FILE = WebViewAppUITests/Info.plist;
				LD_RUNPATH_SEARCH_PATHS = (
					"$(inherited)",
					"@executable_path/Frameworks",
					"@loader_path/Frameworks",
				);
				PRODUCT_BUNDLE_IDENTIFIER = B2.WebViewAppUITests;
				PRODUCT_NAME = "$(TARGET_NAME)";
				SWIFT_VERSION = 5.0;
				TARGETED_DEVICE_FAMILY = "1,2";
				TEST_TARGET_NAME = WebViewApp;
			};
			name = Debug;
		};
		89B9FB672580C2F80015D696 /* Release */ = {
			isa = XCBuildConfiguration;
			buildSettings = {
				ALWAYS_EMBED_SWIFT_STANDARD_LIBRARIES = YES;
				CODE_SIGN_STYLE = Automatic;
				DEVELOPMENT_TEAM = 35VQYXQGSS;
				INFOPLIST_FILE = WebViewAppUITests/Info.plist;
				LD_RUNPATH_SEARCH_PATHS = (
					"$(inherited)",
					"@executable_path/Frameworks",
					"@loader_path/Frameworks",
				);
				PRODUCT_BUNDLE_IDENTIFIER = B2.WebViewAppUITests;
				PRODUCT_NAME = "$(TARGET_NAME)";
				SWIFT_VERSION = 5.0;
				TARGETED_DEVICE_FAMILY = "1,2";
				TEST_TARGET_NAME = WebViewApp;
			};
			name = Release;
		};
		89B9FB912580E33E0015D696 /* Debug */ = {
			isa = XCBuildConfiguration;
			buildSettings = {
				CODE_SIGN_STYLE = Automatic;
				DEVELOPMENT_TEAM = 35VQYXQGSS;
				INFOPLIST_FILE = OneSignalNotificationServiceExtension/Info.plist;
				LD_RUNPATH_SEARCH_PATHS = (
					"$(inherited)",
					"@executable_path/Frameworks",
					"@executable_path/../../Frameworks",
				);
				PRODUCT_BUNDLE_IDENTIFIER = B2.WebViewApp.OneSignalNotificationServiceExtension;
				PRODUCT_NAME = "$(TARGET_NAME)";
				SKIP_INSTALL = YES;
				SWIFT_VERSION = 5.0;
				TARGETED_DEVICE_FAMILY = "1,2";
			};
			name = Debug;
		};
		89B9FB922580E33E0015D696 /* Release */ = {
			isa = XCBuildConfiguration;
			buildSettings = {
				CODE_SIGN_STYLE = Automatic;
				DEVELOPMENT_TEAM = 35VQYXQGSS;
				INFOPLIST_FILE = OneSignalNotificationServiceExtension/Info.plist;
				LD_RUNPATH_SEARCH_PATHS = (
					"$(inherited)",
					"@executable_path/Frameworks",
					"@executable_path/../../Frameworks",
				);
				PRODUCT_BUNDLE_IDENTIFIER = B2.WebViewApp.OneSignalNotificationServiceExtension;
				PRODUCT_NAME = "$(TARGET_NAME)";
				SKIP_INSTALL = YES;
				SWIFT_VERSION = 5.0;
				TARGETED_DEVICE_FAMILY = "1,2";
			};
			name = Release;
		};
/* End XCBuildConfiguration section */

/* Begin XCConfigurationList section */
		89B9FB302580C2F10015D696 /* Build configuration list for PBXProject "WebViewApp" */ = {
			isa = XCConfigurationList;
			buildConfigurations = (
				89B9FB5D2580C2F80015D696 /* Debug */,
				89B9FB5E2580C2F80015D696 /* Release */,
			);
			defaultConfigurationIsVisible = 0;
			defaultConfigurationName = Release;
		};
		89B9FB5F2580C2F80015D696 /* Build configuration list for PBXNativeTarget "WebViewApp" */ = {
			isa = XCConfigurationList;
			buildConfigurations = (
				89B9FB602580C2F80015D696 /* Debug */,
				89B9FB612580C2F80015D696 /* Release */,
			);
			defaultConfigurationIsVisible = 0;
			defaultConfigurationName = Release;
		};
		89B9FB622580C2F80015D696 /* Build configuration list for PBXNativeTarget "WebViewAppTests" */ = {
			isa = XCConfigurationList;
			buildConfigurations = (
				89B9FB632580C2F80015D696 /* Debug */,
				89B9FB642580C2F80015D696 /* Release */,
			);
			defaultConfigurationIsVisible = 0;
			defaultConfigurationName = Release;
		};
		89B9FB652580C2F80015D696 /* Build configuration list for PBXNativeTarget "WebViewAppUITests" */ = {
			isa = XCConfigurationList;
			buildConfigurations = (
				89B9FB662580C2F80015D696 /* Debug */,
				89B9FB672580C2F80015D696 /* Release */,
			);
			defaultConfigurationIsVisible = 0;
			defaultConfigurationName = Release;
		};
		89B9FB902580E33E0015D696 /* Build configuration list for PBXNativeTarget "OneSignalNotificationServiceExtension" */ = {
			isa = XCConfigurationList;
			buildConfigurations = (
				89B9FB912580E33E0015D696 /* Debug */,
				89B9FB922580E33E0015D696 /* Release */,
			);
			defaultConfigurationIsVisible = 0;
			defaultConfigurationName = Release;
		};
/* End XCConfigurationList section */

/* Begin XCRemoteSwiftPackageReference section */
		89B9FB792580CB370015D696 /* XCRemoteSwiftPackageReference "SnapKit" */ = {
			isa = XCRemoteSwiftPackageReference;
			repositoryURL = "https://github.com/SnapKit/SnapKit.git";
			requirement = {
				kind = upToNextMajorVersion;
				minimumVersion = 5.0.1;
			};
		};
		89B9FB982580E4C30015D696 /* XCRemoteSwiftPackageReference "OneSignal-iOS-SDK" */ = {
			isa = XCRemoteSwiftPackageReference;
			repositoryURL = "https://github.com/OneSignal/OneSignal-iOS-SDK";
			requirement = {
				kind = upToNextMajorVersion;
				minimumVersion = 3.0.0;
			};
		};
/* End XCRemoteSwiftPackageReference section */

/* Begin XCSwiftPackageProductDependency section */
		89B9FB7A2580CB380015D696 /* SnapKit */ = {
			isa = XCSwiftPackageProductDependency;
			package = 89B9FB792580CB370015D696 /* XCRemoteSwiftPackageReference "SnapKit" */;
			productName = SnapKit;
		};
		89B9FB992580E4C30015D696 /* OneSignal */ = {
			isa = XCSwiftPackageProductDependency;
			package = 89B9FB982580E4C30015D696 /* XCRemoteSwiftPackageReference "OneSignal-iOS-SDK" */;
			productName = OneSignal;
		};
		89B9FBA02580E6230015D696 /* OneSignal */ = {
			isa = XCSwiftPackageProductDependency;
			package = 89B9FB982580E4C30015D696 /* XCRemoteSwiftPackageReference "OneSignal-iOS-SDK" */;
			productName = OneSignal;
		};
/* End XCSwiftPackageProductDependency section */
	};
	rootObject = 89B9FB2D2580C2F10015D696 /* Project object */;
}
