{
  "object": {
    "pins": [
      {
        "package": "OneSignal",
        "repositoryURL": "https://github.com/OneSignal/OneSignal-iOS-SDK",
        "state": {
          "branch": null,
          "revision": "fe0d439c1f4a45a0b6be8624b2005a1c6bce60d0",
          "version": "3.0.0"
        }
      },
      {
        "package": "SnapKit",
        "repositoryURL": "https://github.com/SnapKit/SnapKit.git",
        "state": {
          "branch": null,
          "revision": "d458564516e5676af9c70b4f4b2a9178294f1bc6",
          "version": "5.0.1"
        }
      }
    ]
  },
  "version": 1
}
